
Microsoft Visual Studio Solution File, Format Version 12.00
# Visual Studio Version 16
VisualStudioVersion = 16.0.30104.148
MinimumVisualStudioVersion = 10.0.40219.1
Project("{FAE04EC0-301F-11D3-BF4B-00C04F79EFBC}") = "Cyc.Core", "Cyc\Cyc.Core.csproj", "{17EE18C0-6444-414B-B2D0-57F1F7DE74A5}"
EndProject
Project("{FAE04EC0-301F-11D3-BF4B-00C04F79EFBC}") = "Cyc.MicrosoftApi", "Cyc.MicrosoftApi\Cyc.MicrosoftApi.csproj", "{07CB7E6E-C75B-4F38-A962-C8AEE2EC2667}"
EndProject
Project("{FAE04EC0-301F-11D3-BF4B-00C04F79EFBC}") = "GoogleApi", "GoogleApi\GoogleApi.csproj", "{58367DCE-24C3-4868-9118-D65DFA132B52}"
EndProject
Global
	GlobalSection(SolutionConfigurationPlatforms) = preSolution
		Debug|Any CPU = Debug|Any CPU
		Release|Any CPU = Release|Any CPU
	EndGlobalSection
	GlobalSection(ProjectConfigurationPlatforms) = postSolution
		{17EE18C0-6444-414B-B2D0-57F1F7DE74A5}.Debug|Any CPU.ActiveCfg = Debug|Any CPU
		{17EE18C0-6444-414B-B2D0-57F1F7DE74A5}.Debug|Any CPU.Build.0 = Debug|Any CPU
		{17EE18C0-6444-414B-B2D0-57F1F7DE74A5}.Release|Any CPU.ActiveCfg = Release|Any CPU
		{17EE18C0-6444-414B-B2D0-57F1F7DE74A5}.Release|Any CPU.Build.0 = Release|Any CPU
		{07CB7E6E-C75B-4F38-A962-C8AEE2EC2667}.Debug|Any CPU.ActiveCfg = Debug|Any CPU
		{07CB7E6E-C75B-4F38-A962-C8AEE2EC2667}.Debug|Any CPU.Build.0 = Debug|Any CPU
		{07CB7E6E-C75B-4F38-A962-C8AEE2EC2667}.Release|Any CPU.ActiveCfg = Release|Any CPU
		{07CB7E6E-C75B-4F38-A962-C8AEE2EC2667}.Release|Any CPU.Build.0 = Release|Any CPU
		{58367DCE-24C3-4868-9118-D65DFA132B52}.Debug|Any CPU.ActiveCfg = Debug|Any CPU
		{58367DCE-24C3-4868-9118-D65DFA132B52}.Debug|Any CPU.Build.0 = Debug|Any CPU
		{58367DCE-24C3-4868-9118-D65DFA132B52}.Release|Any CPU.ActiveCfg = Release|Any CPU
		{58367DCE-24C3-4868-9118-D65DFA132B52}.Release|Any CPU.Build.0 = Release|Any CPU
	EndGlobalSection
	GlobalSection(SolutionProperties) = preSolution
		HideSolutionNode = FALSE
	EndGlobalSection
	GlobalSection(ExtensibilityGlobals) = postSolution
		SolutionGuid = {F2A3F2ED-0D34-4146-9012-04D3D9B229FE}
	EndGlobalSection
EndGlobal
