
Microsoft Visual Studio Solution File, Format Version 12.00
# Visual Studio Version 16
VisualStudioVersion = 16.0.30104.148
MinimumVisualStudioVersion = 10.0.40219.1
Project("{9A19103F-16F7-4668-BE54-9A1E7A4F7556}") = "Cyc.Standard", "Cyc\Cyc.Standard.csproj", "{17EE18C0-6444-414B-B2D0-57F1F7DE74A5}"
EndProject
Project("{9A19103F-16F7-4668-BE54-9A1E7A4F7556}") = "Cyc.MicrosoftApi", "Cyc.MicrosoftApi\Cyc.MicrosoftApi.csproj", "{07CB7E6E-C75B-4F38-A962-C8AEE2EC2667}"
EndProject
Project("{9A19103F-16F7-4668-BE54-9A1E7A4F7556}") = "Cyc.GoogleApi", "Cyc.GoogleApi\Cyc.GoogleApi.csproj", "{280F7DF8-6612-48F1-9104-A0BC25338A5C}"
EndProject
Global
	GlobalSection(SolutionConfigurationPlatforms) = preSolution
		Debug|Any CPU = Debug|Any CPU
		Release|Any CPU = Release|Any CPU
	EndGlobalSection
	GlobalSection(ProjectConfigurationPlatforms) = postSolution
		{17EE18C0-6444-414B-B2D0-57F1F7DE74A5}.Debug|Any CPU.ActiveCfg = Debug|Any CPU
		{17EE18C0-6444-414B-B2D0-57F1F7DE74A5}.Debug|Any CPU.Build.0 = Debug|Any CPU
		{17EE18C0-6444-414B-B2D0-57F1F7DE74A5}.Release|Any CPU.ActiveCfg = Release|Any CPU
		{17EE18C0-6444-414B-B2D0-57F1F7DE74A5}.Release|Any CPU.Build.0 = Release|Any CPU
		{07CB7E6E-C75B-4F38-A962-C8AEE2EC2667}.Debug|Any CPU.ActiveCfg = Debug|Any CPU
		{07CB7E6E-C75B-4F38-A962-C8AEE2EC2667}.Debug|Any CPU.Build.0 = Debug|Any CPU
		{07CB7E6E-C75B-4F38-A962-C8AEE2EC2667}.Release|Any CPU.ActiveCfg = Release|Any CPU
		{07CB7E6E-C75B-4F38-A962-C8AEE2EC2667}.Release|Any CPU.Build.0 = Release|Any CPU
		{280F7DF8-6612-48F1-9104-A0BC25338A5C}.Debug|Any CPU.ActiveCfg = Debug|Any CPU
		{280F7DF8-6612-48F1-9104-A0BC25338A5C}.Debug|Any CPU.Build.0 = Debug|Any CPU
		{280F7DF8-6612-48F1-9104-A0BC25338A5C}.Release|Any CPU.ActiveCfg = Release|Any CPU
		{280F7DF8-6612-48F1-9104-A0BC25338A5C}.Release|Any CPU.Build.0 = Release|Any CPU
	EndGlobalSection
	GlobalSection(SolutionProperties) = preSolution
		HideSolutionNode = FALSE
	EndGlobalSection
	GlobalSection(ExtensibilityGlobals) = postSolution
		SolutionGuid = {F2A3F2ED-0D34-4146-9012-04D3D9B229FE}
	EndGlobalSection
EndGlobal
